
Microsoft Visual Studio Solution File, Format Version 12.00
# Visual Studio 15
VisualStudioVersion = 15.0.28307.572
MinimumVisualStudioVersion = 10.0.40219.1
Project("{FAE04EC0-301F-11D3-BF4B-00C04F79EFBC}") = "Seraf", "Seraf\Seraf.csproj", "{B09B248E-711A-4A96-9E25-BC6EFDC31BC2}"
EndProject
Global
	GlobalSection(SolutionConfigurationPlatforms) = preSolution
		Debug|Any CPU = Debug|Any CPU
		Release|Any CPU = Release|Any CPU
	EndGlobalSection
	GlobalSection(ProjectConfigurationPlatforms) = postSolution
		{B09B248E-711A-4A96-9E25-BC6EFDC31BC2}.Debug|Any CPU.ActiveCfg = Debug|Any CPU
		{B09B248E-711A-4A96-9E25-BC6EFDC31BC2}.Debug|Any CPU.Build.0 = Debug|Any CPU
		{B09B248E-711A-4A96-9E25-BC6EFDC31BC2}.Release|Any CPU.ActiveCfg = Release|Any CPU
		{B09B248E-711A-4A96-9E25-BC6EFDC31BC2}.Release|Any CPU.Build.0 = Release|Any CPU
	EndGlobalSection
	GlobalSection(SolutionProperties) = preSolution
		HideSolutionNode = FALSE
	EndGlobalSection
	GlobalSection(ExtensibilityGlobals) = postSolution
		SolutionGuid = {96F6E4F1-5E4B-4306-A58E-FA1146A23016}
	EndGlobalSection
EndGlobal
